// !$*UTF8*$!
{
	archiveVersion = 1;
	classes = {
	};
	objectVersion = 50;
	objects = {

/* Begin PBXBuildFile section */
		8B1233E5213EF71B00764610 /* AppDelegate.swift in Sources */ = {isa = PBXBuildFile; fileRef = 8B1233E4213EF71B00764610 /* AppDelegate.swift */; };
		8B1233E7213EF71B00764610 /* ViewController.swift in Sources */ = {isa = PBXBuildFile; fileRef = 8B1233E6213EF71B00764610 /* ViewController.swift */; };
		8B1233EA213EF71B00764610 /* Main.storyboard in Resources */ = {isa = PBXBuildFile; fileRef = 8B1233E8213EF71B00764610 /* Main.storyboard */; };
		8B1233EC213EF72000764610 /* Assets.xcassets in Resources */ = {isa = PBXBuildFile; fileRef = 8B1233EB213EF72000764610 /* Assets.xcassets */; };
		8B1233EF213EF72000764610 /* LaunchScreen.storyboard in Resources */ = {isa = PBXBuildFile; fileRef = 8B1233ED213EF72000764610 /* LaunchScreen.storyboard */; };
		8B1233FA213EF72000764610 /* Food_ReviewTests.swift in Sources */ = {isa = PBXBuildFile; fileRef = 8B1233F9213EF72000764610 /* Food_ReviewTests.swift */; };
		8B123405213EF72100764610 /* Food_ReviewUITests.swift in Sources */ = {isa = PBXBuildFile; fileRef = 8B123404213EF72100764610 /* Food_ReviewUITests.swift */; };
/* End PBXBuildFile section */

/* Begin PBXContainerItemProxy section */
		8B1233F6213EF72000764610 /* PBXContainerItemProxy */ = {
			isa = PBXContainerItemProxy;
			containerPortal = 8B1233D9213EF71A00764610 /* Project object */;
			proxyType = 1;
			remoteGlobalIDString = 8B1233E0213EF71B00764610;
			remoteInfo = Food_Review;
		};
		8B123401213EF72100764610 /* PBXContainerItemProxy */ = {
			isa = PBXContainerItemProxy;
			containerPortal = 8B1233D9213EF71A00764610 /* Project object */;
			proxyType = 1;
			remoteGlobalIDString = 8B1233E0213EF71B00764610;
			remoteInfo = Food_Review;
		};
/* End PBXContainerItemProxy section */

/* Begin PBXFileReference section */
		8B1233E1213EF71B00764610 /* Food_Review.app */ = {isa = PBXFileReference; explicitFileType = wrapper.application; includeInIndex = 0; path = Food_Review.app; sourceTree = BUILT_PRODUCTS_DIR; };
		8B1233E4213EF71B00764610 /* AppDelegate.swift */ = {isa = PBXFileReference; lastKnownFileType = sourcecode.swift; path = AppDelegate.swift; sourceTree = "<group>"; };
		8B1233E6213EF71B00764610 /* ViewController.swift */ = {isa = PBXFileReference; lastKnownFileType = sourcecode.swift; path = ViewController.swift; sourceTree = "<group>"; };
		8B1233E9213EF71B00764610 /* Base */ = {isa = PBXFileReference; lastKnownFileType = file.storyboard; name = Base; path = Base.lproj/Main.storyboard; sourceTree = "<group>"; };
		8B1233EB213EF72000764610 /* Assets.xcassets */ = {isa = PBXFileReference; lastKnownFileType = folder.assetcatalog; path = Assets.xcassets; sourceTree = "<group>"; };
		8B1233EE213EF72000764610 /* Base */ = {isa = PBXFileReference; lastKnownFileType = file.storyboard; name = Base; path = Base.lproj/LaunchScreen.storyboard; sourceTree = "<group>"; };
		8B1233F0213EF72000764610 /* Info.plist */ = {isa = PBXFileReference; lastKnownFileType = text.plist.xml; path = Info.plist; sourceTree = "<group>"; };
		8B1233F5213EF72000764610 /* Food_ReviewTests.xctest */ = {isa = PBXFileReference; explicitFileType = wrapper.cfbundle; includeInIndex = 0; path = Food_ReviewTests.xctest; sourceTree = BUILT_PRODUCTS_DIR; };
		8B1233F9213EF72000764610 /* Food_ReviewTests.swift */ = {isa = PBXFileReference; lastKnownFileType = sourcecode.swift; path = Food_ReviewTests.swift; sourceTree = "<group>"; };
		8B1233FB213EF72100764610 /* Info.plist */ = {isa = PBXFileReference; lastKnownFileType = text.plist.xml; path = Info.plist; sourceTree = "<group>"; };
		8B123400213EF72100764610 /* Food_ReviewUITests.xctest */ = {isa = PBXFileReference; explicitFileType = wrapper.cfbundle; includeInIndex = 0; path = Food_ReviewUITests.xctest; sourceTree = BUILT_PRODUCTS_DIR; };
		8B123404213EF72100764610 /* Food_ReviewUITests.swift */ = {isa = PBXFileReference; lastKnownFileType = sourcecode.swift; path = Food_ReviewUITests.swift; sourceTree = "<group>"; };
		8B123406213EF72100764610 /* Info.plist */ = {isa = PBXFileReference; lastKnownFileType = text.plist.xml; path = Info.plist; sourceTree = "<group>"; };
/* End PBXFileReference section */

/* Begin PBXFrameworksBuildPhase section */
		8B1233DE213EF71B00764610 /* Frameworks */ = {
			isa = PBXFrameworksBuildPhase;
			buildActionMask = 2147483647;
			files = (
			);
			runOnlyForDeploymentPostprocessing = 0;
		};
		8B1233F2213EF72000764610 /* Frameworks */ = {
			isa = PBXFrameworksBuildPhase;
			buildActionMask = 2147483647;
			files = (
			);
			runOnlyForDeploymentPostprocessing = 0;
		};
		8B1233FD213EF72100764610 /* Frameworks */ = {
			isa = PBXFrameworksBuildPhase;
			buildActionMask = 2147483647;
			files = (
			);
			runOnlyForDeploymentPostprocessing = 0;
		};
/* End PBXFrameworksBuildPhase section */

/* Begin PBXGroup section */
		8B1233D8213EF71A00764610 = {
			isa = PBXGroup;
			children = (
				8B1233E3213EF71B00764610 /* Food_Review */,
				8B1233F8213EF72000764610 /* Food_ReviewTests */,
				8B123403213EF72100764610 /* Food_ReviewUITests */,
				8B1233E2213EF71B00764610 /* Products */,
			);
			sourceTree = "<group>";
		};
		8B1233E2213EF71B00764610 /* Products */ = {
			isa = PBXGroup;
			children = (
				8B1233E1213EF71B00764610 /* Food_Review.app */,
				8B1233F5213EF72000764610 /* Food_ReviewTests.xctest */,
				8B123400213EF72100764610 /* Food_ReviewUITests.xctest */,
			);
			name = Products;
			sourceTree = "<group>";
		};
		8B1233E3213EF71B00764610 /* Food_Review */ = {
			isa = PBXGroup;
			children = (
				8B1233E4213EF71B00764610 /* AppDelegate.swift */,
				8B1233E6213EF71B00764610 /* ViewController.swift */,
				8B1233E8213EF71B00764610 /* Main.storyboard */,
				8B1233EB213EF72000764610 /* Assets.xcassets */,
				8B1233ED213EF72000764610 /* LaunchScreen.storyboard */,
				8B1233F0213EF72000764610 /* Info.plist */,
			);
			path = Food_Review;
			sourceTree = "<group>";
		};
		8B1233F8213EF72000764610 /* Food_ReviewTests */ = {
			isa = PBXGroup;
			children = (
				8B1233F9213EF72000764610 /* Food_ReviewTests.swift */,
				8B1233FB213EF72100764610 /* Info.plist */,
			);
			path = Food_ReviewTests;
			sourceTree = "<group>";
		};
		8B123403213EF72100764610 /* Food_ReviewUITests */ = {
			isa = PBXGroup;
			children = (
				8B123404213EF72100764610 /* Food_ReviewUITests.swift */,
				8B123406213EF72100764610 /* Info.plist */,
			);
			path = Food_ReviewUITests;
			sourceTree = "<group>";
		};
/* End PBXGroup section */

/* Begin PBXNativeTarget section */
		8B1233E0213EF71B00764610 /* Food_Review */ = {
			isa = PBXNativeTarget;
			buildConfigurationList = 8B123409213EF72100764610 /* Build configuration list for PBXNativeTarget "Food_Review" */;
			buildPhases = (
				8B1233DD213EF71B00764610 /* Sources */,
				8B1233DE213EF71B00764610 /* Frameworks */,
				8B1233DF213EF71B00764610 /* Resources */,
			);
			buildRules = (
			);
			dependencies = (
			);
			name = Food_Review;
			productName = Food_Review;
			productReference = 8B1233E1213EF71B00764610 /* Food_Review.app */;
			productType = "com.apple.product-type.application";
		};
		8B1233F4213EF72000764610 /* Food_ReviewTests */ = {
			isa = PBXNativeTarget;
			buildConfigurationList = 8B12340C213EF72100764610 /* Build configuration list for PBXNativeTarget "Food_ReviewTests" */;
			buildPhases = (
				8B1233F1213EF72000764610 /* Sources */,
				8B1233F2213EF72000764610 /* Frameworks */,
				8B1233F3213EF72000764610 /* Resources */,
			);
			buildRules = (
			);
			dependencies = (
				8B1233F7213EF72000764610 /* PBXTargetDependency */,
			);
			name = Food_ReviewTests;
			productName = Food_ReviewTests;
			productReference = 8B1233F5213EF72000764610 /* Food_ReviewTests.xctest */;
			productType = "com.apple.product-type.bundle.unit-test";
		};
		8B1233FF213EF72100764610 /* Food_ReviewUITests */ = {
			isa = PBXNativeTarget;
			buildConfigurationList = 8B12340F213EF72100764610 /* Build configuration list for PBXNativeTarget "Food_ReviewUITests" */;
			buildPhases = (
				8B1233FC213EF72100764610 /* Sources */,
				8B1233FD213EF72100764610 /* Frameworks */,
				8B1233FE213EF72100764610 /* Resources */,
			);
			buildRules = (
			);
			dependencies = (
				8B123402213EF72100764610 /* PBXTargetDependency */,
			);
			name = Food_ReviewUITests;
			productName = Food_ReviewUITests;
			productReference = 8B123400213EF72100764610 /* Food_ReviewUITests.xctest */;
			productType = "com.apple.product-type.bundle.ui-testing";
		};
/* End PBXNativeTarget section */

/* Begin PBXProject section */
		8B1233D9213EF71A00764610 /* Project object */ = {
			isa = PBXProject;
			attributes = {
				LastSwiftUpdateCheck = 0940;
				LastUpgradeCheck = 0940;
				ORGANIZATIONNAME = "Thongphanh Duangboudda";
				TargetAttributes = {
					8B1233E0213EF71B00764610 = {
						CreatedOnToolsVersion = 9.4.1;
					};
					8B1233F4213EF72000764610 = {
						CreatedOnToolsVersion = 9.4.1;
						TestTargetID = 8B1233E0213EF71B00764610;
					};
					8B1233FF213EF72100764610 = {
						CreatedOnToolsVersion = 9.4.1;
						TestTargetID = 8B1233E0213EF71B00764610;
					};
				};
			};
			buildConfigurationList = 8B1233DC213EF71A00764610 /* Build configuration list for PBXProject "Food_Review" */;
			compatibilityVersion = "Xcode 9.3";
			developmentRegion = en;
			hasScannedForEncodings = 0;
			knownRegions = (
				en,
				Base,
			);
			mainGroup = 8B1233D8213EF71A00764610;
			productRefGroup = 8B1233E2213EF71B00764610 /* Products */;
			projectDirPath = "";
			projectRoot = "";
			targets = (
				8B1233E0213EF71B00764610 /* Food_Review */,
				8B1233F4213EF72000764610 /* Food_ReviewTests */,
				8B1233FF213EF72100764610 /* Food_ReviewUITests */,
			);
		};
/* End PBXProject section */

/* Begin PBXResourcesBuildPhase section */
		8B1233DF213EF71B00764610 /* Resources */ = {
			isa = PBXResourcesBuildPhase;
			buildActionMask = 2147483647;
			files = (
				8B1233EF213EF72000764610 /* LaunchScreen.storyboard in Resources */,
				8B1233EC213EF72000764610 /* Assets.xcassets in Resources */,
				8B1233EA213EF71B00764610 /* Main.storyboard in Resources */,
			);
			runOnlyForDeploymentPostprocessing = 0;
		};
		8B1233F3213EF72000764610 /* Resources */ = {
			isa = PBXResourcesBuildPhase;
			buildActionMask = 2147483647;
			files = (
			);
			runOnlyForDeploymentPostprocessing = 0;
		};
		8B1233FE213EF72100764610 /* Resources */ = {
			isa = PBXResourcesBuildPhase;
			buildActionMask = 2147483647;
			files = (
			);
			runOnlyForDeploymentPostprocessing = 0;
		};
/* End PBXResourcesBuildPhase section */

/* Begin PBXSourcesBuildPhase section */
		8B1233DD213EF71B00764610 /* Sources */ = {
			isa = PBXSourcesBuildPhase;
			buildActionMask = 2147483647;
			files = (
				8B1233E7213EF71B00764610 /* ViewController.swift in Sources */,
				8B1233E5213EF71B00764610 /* AppDelegate.swift in Sources */,
			);
			runOnlyForDeploymentPostprocessing = 0;
		};
		8B1233F1213EF72000764610 /* Sources */ = {
			isa = PBXSourcesBuildPhase;
			buildActionMask = 2147483647;
			files = (
				8B1233FA213EF72000764610 /* Food_ReviewTests.swift in Sources */,
			);
			runOnlyForDeploymentPostprocessing = 0;
		};
		8B1233FC213EF72100764610 /* Sources */ = {
			isa = PBXSourcesBuildPhase;
			buildActionMask = 2147483647;
			files = (
				8B123405213EF72100764610 /* Food_ReviewUITests.swift in Sources */,
			);
			runOnlyForDeploymentPostprocessing = 0;
		};
/* End PBXSourcesBuildPhase section */

/* Begin PBXTargetDependency section */
		8B1233F7213EF72000764610 /* PBXTargetDependency */ = {
			isa = PBXTargetDependency;
			target = 8B1233E0213EF71B00764610 /* Food_Review */;
			targetProxy = 8B1233F6213EF72000764610 /* PBXContainerItemProxy */;
		};
		8B123402213EF72100764610 /* PBXTargetDependency */ = {
			isa = PBXTargetDependency;
			target = 8B1233E0213EF71B00764610 /* Food_Review */;
			targetProxy = 8B123401213EF72100764610 /* PBXContainerItemProxy */;
		};
/* End PBXTargetDependency section */

/* Begin PBXVariantGroup section */
		8B1233E8213EF71B00764610 /* Main.storyboard */ = {
			isa = PBXVariantGroup;
			children = (
				8B1233E9213EF71B00764610 /* Base */,
			);
			name = Main.storyboard;
			sourceTree = "<group>";
		};
		8B1233ED213EF72000764610 /* LaunchScreen.storyboard */ = {
			isa = PBXVariantGroup;
			children = (
				8B1233EE213EF72000764610 /* Base */,
			);
			name = LaunchScreen.storyboard;
			sourceTree = "<group>";
		};
/* End PBXVariantGroup section */

/* Begin XCBuildConfiguration section */
		8B123407213EF72100764610 /* Debug */ = {
			isa = XCBuildConfiguration;
			buildSettings = {
				ALWAYS_SEARCH_USER_PATHS = NO;
				CLANG_ANALYZER_NONNULL = YES;
				CLANG_ANALYZER_NUMBER_OBJECT_CONVERSION = YES_AGGRESSIVE;
				CLANG_CXX_LANGUAGE_STANDARD = "gnu++14";
				CLANG_CXX_LIBRARY = "libc++";
				CLANG_ENABLE_MODULES = YES;
				CLANG_ENABLE_OBJC_ARC = YES;
				CLANG_ENABLE_OBJC_WEAK = YES;
				CLANG_WARN_BLOCK_CAPTURE_AUTORELEASING = YES;
				CLANG_WARN_BOOL_CONVERSION = YES;
				CLANG_WARN_COMMA = YES;
				CLANG_WARN_CONSTANT_CONVERSION = YES;
				CLANG_WARN_DEPRECATED_OBJC_IMPLEMENTATIONS = YES;
				CLANG_WARN_DIRECT_OBJC_ISA_USAGE = YES_ERROR;
				CLANG_WARN_DOCUMENTATION_COMMENTS = YES;
				CLANG_WARN_EMPTY_BODY = YES;
				CLANG_WARN_ENUM_CONVERSION = YES;
				CLANG_WARN_INFINITE_RECURSION = YES;
				CLANG_WARN_INT_CONVERSION = YES;
				CLANG_WARN_NON_LITERAL_NULL_CONVERSION = YES;
				CLANG_WARN_OBJC_IMPLICIT_RETAIN_SELF = YES;
				CLANG_WARN_OBJC_LITERAL_CONVERSION = YES;
				CLANG_WARN_OBJC_ROOT_CLASS = YES_ERROR;
				CLANG_WARN_RANGE_LOOP_ANALYSIS = YES;
				CLANG_WARN_STRICT_PROTOTYPES = YES;
				CLANG_WARN_SUSPICIOUS_MOVE = YES;
				CLANG_WARN_UNGUARDED_AVAILABILITY = YES_AGGRESSIVE;
				CLANG_WARN_UNREACHABLE_CODE = YES;
				CLANG_WARN__DUPLICATE_METHOD_MATCH = YES;
				CODE_SIGN_IDENTITY = "iPhone Developer";
				COPY_PHASE_STRIP = NO;
				DEBUG_INFORMATION_FORMAT = dwarf;
				ENABLE_STRICT_OBJC_MSGSEND = YES;
				ENABLE_TESTABILITY = YES;
				GCC_C_LANGUAGE_STANDARD = gnu11;
				GCC_DYNAMIC_NO_PIC = NO;
				GCC_NO_COMMON_BLOCKS = YES;
				GCC_OPTIMIZATION_LEVEL = 0;
				GCC_PREPROCESSOR_DEFINITIONS = (
					"DEBUG=1",
					"$(inherited)",
				);
				GCC_WARN_64_TO_32_BIT_CONVERSION = YES;
				GCC_WARN_ABOUT_RETURN_TYPE = YES_ERROR;
				GCC_WARN_UNDECLARED_SELECTOR = YES;
				GCC_WARN_UNINITIALIZED_AUTOS = YES_AGGRESSIVE;
				GCC_WARN_UNUSED_FUNCTION = YES;
				GCC_WARN_UNUSED_VARIABLE = YES;
				IPHONEOS_DEPLOYMENT_TARGET = 11.4;
				MTL_ENABLE_DEBUG_INFO = YES;
				ONLY_ACTIVE_ARCH = YES;
				SDKROOT = iphoneos;
				SWIFT_ACTIVE_COMPILATION_CONDITIONS = DEBUG;
				SWIFT_OPTIMIZATION_LEVEL = "-Onone";
			};
			name = Debug;
		};
		8B123408213EF72100764610 /* Release */ = {
			isa = XCBuildConfiguration;
			buildSettings = {
				ALWAYS_SEARCH_USER_PATHS = NO;
				CLANG_ANALYZER_NONNULL = YES;
				CLANG_ANALYZER_NUMBER_OBJECT_CONVERSION = YES_AGGRESSIVE;
				CLANG_CXX_LANGUAGE_STANDARD = "gnu++14";
				CLANG_CXX_LIBRARY = "libc++";
				CLANG_ENABLE_MODULES = YES;
				CLANG_ENABLE_OBJC_ARC = YES;
				CLANG_ENABLE_OBJC_WEAK = YES;
				CLANG_WARN_BLOCK_CAPTURE_AUTORELEASING = YES;
				CLANG_WARN_BOOL_CONVERSION = YES;
				CLANG_WARN_COMMA = YES;
				CLANG_WARN_CONSTANT_CONVERSION = YES;
				CLANG_WARN_DEPRECATED_OBJC_IMPLEMENTATIONS = YES;
				CLANG_WARN_DIRECT_OBJC_ISA_USAGE = YES_ERROR;
				CLANG_WARN_DOCUMENTATION_COMMENTS = YES;
				CLANG_WARN_EMPTY_BODY = YES;
				CLANG_WARN_ENUM_CONVERSION = YES;
				CLANG_WARN_INFINITE_RECURSION = YES;
				CLANG_WARN_INT_CONVERSION = YES;
				CLANG_WARN_NON_LITERAL_NULL_CONVERSION = YES;
				CLANG_WARN_OBJC_IMPLICIT_RETAIN_SELF = YES;
				CLANG_WARN_OBJC_LITERAL_CONVERSION = YES;
				CLANG_WARN_OBJC_ROOT_CLASS = YES_ERROR;
				CLANG_WARN_RANGE_LOOP_ANALYSIS = YES;
				CLANG_WARN_STRICT_PROTOTYPES = YES;
				CLANG_WARN_SUSPICIOUS_MOVE = YES;
				CLANG_WARN_UNGUARDED_AVAILABILITY = YES_AGGRESSIVE;
				CLANG_WARN_UNREACHABLE_CODE = YES;
				CLANG_WARN__DUPLICATE_METHOD_MATCH = YES;
				CODE_SIGN_IDENTITY = "iPhone Developer";
				COPY_PHASE_STRIP = NO;
				DEBUG_INFORMATION_FORMAT = "dwarf-with-dsym";
				ENABLE_NS_ASSERTIONS = NO;
				ENABLE_STRICT_OBJC_MSGSEND = YES;
				GCC_C_LANGUAGE_STANDARD = gnu11;
				GCC_NO_COMMON_BLOCKS = YES;
				GCC_WARN_64_TO_32_BIT_CONVERSION = YES;
				GCC_WARN_ABOUT_RETURN_TYPE = YES_ERROR;
				GCC_WARN_UNDECLARED_SELECTOR = YES;
				GCC_WARN_UNINITIALIZED_AUTOS = YES_AGGRESSIVE;
				GCC_WARN_UNUSED_FUNCTION = YES;
				GCC_WARN_UNUSED_VARIABLE = YES;
				IPHONEOS_DEPLOYMENT_TARGET = 11.4;
				MTL_ENABLE_DEBUG_INFO = NO;
				SDKROOT = iphoneos;
				SWIFT_COMPILATION_MODE = wholemodule;
				SWIFT_OPTIMIZATION_LEVEL = "-O";
				VALIDATE_PRODUCT = YES;
			};
			name = Release;
		};
		8B12340A213EF72100764610 /* Debug */ = {
			isa = XCBuildConfiguration;
			buildSettings = {
				ASSETCATALOG_COMPILER_APPICON_NAME = AppIcon;
				CODE_SIGN_STYLE = Automatic;
				INFOPLIST_FILE = Food_Review/Info.plist;
				LD_RUNPATH_SEARCH_PATHS = (
					"$(inherited)",
					"@executable_path/Frameworks",
				);
				PRODUCT_BUNDLE_IDENTIFIER = "student.Food-Review";
				PRODUCT_NAME = "$(TARGET_NAME)";
				SWIFT_VERSION = 4.0;
				TARGETED_DEVICE_FAMILY = "1,2";
			};
			name = Debug;
		};
		8B12340B213EF72100764610 /* Release */ = {
			isa = XCBuildConfiguration;
			buildSettings = {
				ASSETCATALOG_COMPILER_APPICON_NAME = AppIcon;
				CODE_SIGN_STYLE = Automatic;
				INFOPLIST_FILE = Food_Review/Info.plist;
				LD_RUNPATH_SEARCH_PATHS = (
					"$(inherited)",
					"@executable_path/Frameworks",
				);
				PRODUCT_BUNDLE_IDENTIFIER = "student.Food-Review";
				PRODUCT_NAME = "$(TARGET_NAME)";
				SWIFT_VERSION = 4.0;
				TARGETED_DEVICE_FAMILY = "1,2";
			};
			name = Release;
		};
		8B12340D213EF72100764610 /* Debug */ = {
			isa = XCBuildConfiguration;
			buildSettings = {
				ALWAYS_EMBED_SWIFT_STANDARD_LIBRARIES = YES;
				BUNDLE_LOADER = "$(TEST_HOST)";
				CODE_SIGN_STYLE = Automatic;
				INFOPLIST_FILE = Food_ReviewTests/Info.plist;
				LD_RUNPATH_SEARCH_PATHS = (
					"$(inherited)",
					"@executable_path/Frameworks",
					"@loader_path/Frameworks",
				);
				PRODUCT_BUNDLE_IDENTIFIER = "student.Food-ReviewTests";
				PRODUCT_NAME = "$(TARGET_NAME)";
				SWIFT_VERSION = 4.0;
				TARGETED_DEVICE_FAMILY = "1,2";
				TEST_HOST = "$(BUILT_PRODUCTS_DIR)/Food_Review.app/Food_Review";
			};
			name = Debug;
		};
		8B12340E213EF72100764610 /* Release */ = {
			isa = XCBuildConfiguration;
			buildSettings = {
				ALWAYS_EMBED_SWIFT_STANDARD_LIBRARIES = YES;
				BUNDLE_LOADER = "$(TEST_HOST)";
				CODE_SIGN_STYLE = Automatic;
				INFOPLIST_FILE = Food_ReviewTests/Info.plist;
				LD_RUNPATH_SEARCH_PATHS = (
					"$(inherited)",
					"@executable_path/Frameworks",
					"@loader_path/Frameworks",
				);
				PRODUCT_BUNDLE_IDENTIFIER = "student.Food-ReviewTests";
				PRODUCT_NAME = "$(TARGET_NAME)";
				SWIFT_VERSION = 4.0;
				TARGETED_DEVICE_FAMILY = "1,2";
				TEST_HOST = "$(BUILT_PRODUCTS_DIR)/Food_Review.app/Food_Review";
			};
			name = Release;
		};
		8B123410213EF72100764610 /* Debug */ = {
			isa = XCBuildConfiguration;
			buildSettings = {
				ALWAYS_EMBED_SWIFT_STANDARD_LIBRARIES = YES;
				CODE_SIGN_STYLE = Automatic;
				INFOPLIST_FILE = Food_ReviewUITests/Info.plist;
				LD_RUNPATH_SEARCH_PATHS = (
					"$(inherited)",
					"@executable_path/Frameworks",
					"@loader_path/Frameworks",
				);
				PRODUCT_BUNDLE_IDENTIFIER = "student.Food-ReviewUITests";
				PRODUCT_NAME = "$(TARGET_NAME)";
				SWIFT_VERSION = 4.0;
				TARGETED_DEVICE_FAMILY = "1,2";
				TEST_TARGET_NAME = Food_Review;
			};
			name = Debug;
		};
		8B123411213EF72100764610 /* Release */ = {
			isa = XCBuildConfiguration;
			buildSettings = {
				ALWAYS_EMBED_SWIFT_STANDARD_LIBRARIES = YES;
				CODE_SIGN_STYLE = Automatic;
				INFOPLIST_FILE = Food_ReviewUITests/Info.plist;
				LD_RUNPATH_SEARCH_PATHS = (
					"$(inherited)",
					"@executable_path/Frameworks",
					"@loader_path/Frameworks",
				);
				PRODUCT_BUNDLE_IDENTIFIER = "student.Food-ReviewUITests";
				PRODUCT_NAME = "$(TARGET_NAME)";
				SWIFT_VERSION = 4.0;
				TARGETED_DEVICE_FAMILY = "1,2";
				TEST_TARGET_NAME = Food_Review;
			};
			name = Release;
		};
/* End XCBuildConfiguration section */

/* Begin XCConfigurationList section */
		8B1233DC213EF71A00764610 /* Build configuration list for PBXProject "Food_Review" */ = {
			isa = XCConfigurationList;
			buildConfigurations = (
				8B123407213EF72100764610 /* Debug */,
				8B123408213EF72100764610 /* Release */,
			);
			defaultConfigurationIsVisible = 0;
			defaultConfigurationName = Release;
		};
		8B123409213EF72100764610 /* Build configuration list for PBXNativeTarget "Food_Review" */ = {
			isa = XCConfigurationList;
			buildConfigurations = (
				8B12340A213EF72100764610 /* Debug */,
				8B12340B213EF72100764610 /* Release */,
			);
			defaultConfigurationIsVisible = 0;
			defaultConfigurationName = Release;
		};
		8B12340C213EF72100764610 /* Build configuration list for PBXNativeTarget "Food_ReviewTests" */ = {
			isa = XCConfigurationList;
			buildConfigurations = (
				8B12340D213EF72100764610 /* Debug */,
				8B12340E213EF72100764610 /* Release */,
			);
			defaultConfigurationIsVisible = 0;
			defaultConfigurationName = Release;
		};
		8B12340F213EF72100764610 /* Build configuration list for PBXNativeTarget "Food_ReviewUITests" */ = {
			isa = XCConfigurationList;
			buildConfigurations = (
				8B123410213EF72100764610 /* Debug */,
				8B123411213EF72100764610 /* Release */,
			);
			defaultConfigurationIsVisible = 0;
			defaultConfigurationName = Release;
		};
/* End XCConfigurationList section */
	};
	rootObject = 8B1233D9213EF71A00764610 /* Project object */;
}
